
Microsoft Visual Studio Solution File, Format Version 12.00
# Visual Studio Version 16
VisualStudioVersion = 16.0.29905.134
MinimumVisualStudioVersion = 10.0.40219.1
Project("{FAE04EC0-301F-11D3-BF4B-00C04F79EFBC}") = "Ex_her_pol", "Ex_her_pol\Ex_her_pol.csproj", "{8B914AEF-A38B-4FE1-99EB-C9E333C82C8F}"
EndProject
Global
	GlobalSection(SolutionConfigurationPlatforms) = preSolution
		Debug|Any CPU = Debug|Any CPU
		Release|Any CPU = Release|Any CPU
	EndGlobalSection
	GlobalSection(ProjectConfigurationPlatforms) = postSolution
		{8B914AEF-A38B-4FE1-99EB-C9E333C82C8F}.Debug|Any CPU.ActiveCfg = Debug|Any CPU
		{8B914AEF-A38B-4FE1-99EB-C9E333C82C8F}.Debug|Any CPU.Build.0 = Debug|Any CPU
		{8B914AEF-A38B-4FE1-99EB-C9E333C82C8F}.Release|Any CPU.ActiveCfg = Release|Any CPU
		{8B914AEF-A38B-4FE1-99EB-C9E333C82C8F}.Release|Any CPU.Build.0 = Release|Any CPU
	EndGlobalSection
	GlobalSection(SolutionProperties) = preSolution
		HideSolutionNode = FALSE
	EndGlobalSection
	GlobalSection(ExtensibilityGlobals) = postSolution
		SolutionGuid = {8E5AA643-079D-4BBC-8EC2-C65CABCD98DC}
	EndGlobalSection
EndGlobal
